
Microsoft Visual Studio Solution File, Format Version 12.00
# Visual Studio Version 17
VisualStudioVersion = 17.4.33213.308
MinimumVisualStudioVersion = 10.0.40219.1
Project("{FAE04EC0-301F-11D3-BF4B-00C04F79EFBC}") = "SignalR_Demo", "SignalR_Demo\SignalR_Demo.csproj", "{976CD103-05E3-473B-B8D9-4FBA18F3E8F6}"
EndProject
Global
	GlobalSection(SolutionConfigurationPlatforms) = preSolution
		Debug|Any CPU = Debug|Any CPU
		Release|Any CPU = Release|Any CPU
	EndGlobalSection
	GlobalSection(ProjectConfigurationPlatforms) = postSolution
		{976CD103-05E3-473B-B8D9-4FBA18F3E8F6}.Debug|Any CPU.ActiveCfg = Debug|Any CPU
		{976CD103-05E3-473B-B8D9-4FBA18F3E8F6}.Debug|Any CPU.Build.0 = Debug|Any CPU
		{976CD103-05E3-473B-B8D9-4FBA18F3E8F6}.Release|Any CPU.ActiveCfg = Release|Any CPU
		{976CD103-05E3-473B-B8D9-4FBA18F3E8F6}.Release|Any CPU.Build.0 = Release|Any CPU
	EndGlobalSection
	GlobalSection(SolutionProperties) = preSolution
		HideSolutionNode = FALSE
	EndGlobalSection
	GlobalSection(ExtensibilityGlobals) = postSolution
		SolutionGuid = {47D240FA-E64F-4368-95F0-3DFFC7AE37B3}
	EndGlobalSection
EndGlobal
